
Microsoft Visual Studio Solution File, Format Version 12.00
# Visual Studio Version 17
VisualStudioVersion = 17.6.33815.320
MinimumVisualStudioVersion = 10.0.40219.1
Project("{FAE04EC0-301F-11D3-BF4B-00C04F79EFBC}") = "XMLSerialization", "XMLSerialization\XMLSerialization.csproj", "{3D763FE2-BD95-46D0-955B-598EB996A759}"
EndProject
Global
	GlobalSection(SolutionConfigurationPlatforms) = preSolution
		Debug|Any CPU = Debug|Any CPU
		Release|Any CPU = Release|Any CPU
	EndGlobalSection
	GlobalSection(ProjectConfigurationPlatforms) = postSolution
		{3D763FE2-BD95-46D0-955B-598EB996A759}.Debug|Any CPU.ActiveCfg = Debug|Any CPU
		{3D763FE2-BD95-46D0-955B-598EB996A759}.Debug|Any CPU.Build.0 = Debug|Any CPU
		{3D763FE2-BD95-46D0-955B-598EB996A759}.Release|Any CPU.ActiveCfg = Release|Any CPU
		{3D763FE2-BD95-46D0-955B-598EB996A759}.Release|Any CPU.Build.0 = Release|Any CPU
	EndGlobalSection
	GlobalSection(SolutionProperties) = preSolution
		HideSolutionNode = FALSE
	EndGlobalSection
	GlobalSection(ExtensibilityGlobals) = postSolution
		SolutionGuid = {DCB49F97-8600-4183-BE95-E40125711032}
	EndGlobalSection
EndGlobal
