
Microsoft Visual Studio Solution File, Format Version 12.00
# Visual Studio Version 17
VisualStudioVersion = 17.6.33815.320
MinimumVisualStudioVersion = 10.0.40219.1
Project("{FAE04EC0-301F-11D3-BF4B-00C04F79EFBC}") = "BinaryDeSerialization", "BinaryDeSerialization\BinaryDeSerialization.csproj", "{657D7EF7-81C5-441F-80A7-260D62C0B600}"
EndProject
Global
	GlobalSection(SolutionConfigurationPlatforms) = preSolution
		Debug|Any CPU = Debug|Any CPU
		Release|Any CPU = Release|Any CPU
	EndGlobalSection
	GlobalSection(ProjectConfigurationPlatforms) = postSolution
		{657D7EF7-81C5-441F-80A7-260D62C0B600}.Debug|Any CPU.ActiveCfg = Debug|Any CPU
		{657D7EF7-81C5-441F-80A7-260D62C0B600}.Debug|Any CPU.Build.0 = Debug|Any CPU
		{657D7EF7-81C5-441F-80A7-260D62C0B600}.Release|Any CPU.ActiveCfg = Release|Any CPU
		{657D7EF7-81C5-441F-80A7-260D62C0B600}.Release|Any CPU.Build.0 = Release|Any CPU
	EndGlobalSection
	GlobalSection(SolutionProperties) = preSolution
		HideSolutionNode = FALSE
	EndGlobalSection
	GlobalSection(ExtensibilityGlobals) = postSolution
		SolutionGuid = {F1AA1666-0EE1-4A4B-BC1A-282ECF5A6FDB}
	EndGlobalSection
EndGlobal
